<?xml version="1.0" encoding="utf-8"?>
<Project ToolsVersion="17.0" xmlns="http://schemas.microsoft.com/developer/msbuild/2003">
  <ItemGroup>
    <CustomBuild Include="C:\DEV\OpenGL_1\CMakeFiles\c4e65824801e4b5d22f826fc1443337d\NightlyMemoryCheck.rule">
      <Filter>CMake Rules</Filter>
    </CustomBuild>
    <CustomBuild Include="C:\DEV\OpenGL_1\CMakeLists.txt" />
  </ItemGroup>
  <ItemGroup>
    <None Include="C:\DEV\OpenGL_1\CMakeFiles\NightlyMemoryCheck" />
  </ItemGroup>
  <ItemGroup>
    <Filter Include="CMake Rules">
      <UniqueIdentifier>{1F7E9996-9A00-3FD3-A86B-FD32372586D5}</UniqueIdentifier>
    </Filter>
  </ItemGroup>
</Project>
